{
    "_readme": [
        "This file locks the dependencies of your project to a known state",
        "Read more about it at https://getcomposer.org/doc/01-basic-usage.md#installing-dependencies",
        "This file is @generated automatically"
    ],
    "content-hash": "473c044ffa714ccafbe8844949ba9755",
    "packages": [
        {
            "name": "appwrite/appwrite",
            "version": "12.2.0",
            "source": {
                "type": "git",
                "url": "https://github.com/appwrite/sdk-for-php.git",
                "reference": "d2486f8ddd18f17e5f2796f2a60da9fe43ddbdd5"
            },
            "dist": {
                "type": "zip",
                "url": "https://api.github.com/repos/appwrite/sdk-for-php/zipball/d2486f8ddd18f17e5f2796f2a60da9fe43ddbdd5",
                "reference": "d2486f8ddd18f17e5f2796f2a60da9fe43ddbdd5",
                "shasum": ""
            },
            "require": {
                "ext-curl": "*",
                "ext-json": "*",
                "php": ">=7.1.0"
            },
            "require-dev": {
                "mockery/mockery": "^1.6.6",
                "phpunit/phpunit": "^10"
            },
            "type": "library",
            "autoload": {
                "psr-4": {
                    "Appwrite\\": "src/Appwrite"
                }
            },
            "notification-url": "https://packagist.org/downloads/",
            "license": [
                "BSD-3-Clause"
            ],
            "description": "Appwrite is an open-source self-hosted backend server that abstract and simplify complex and repetitive development tasks behind a very simple REST API",
            "support": {
                "email": "team@appwrite.io",
                "issues": "https://github.com/appwrite/sdk-for-php/issues",
                "source": "https://github.com/appwrite/sdk-for-php/tree/12.2.0",
                "url": "https://appwrite.io/support"
            },
            "time": "2025-01-22T05:51:42+00:00"
        }
    ],
    "packages-dev": [],
    "aliases": [],
    "minimum-stability": "stable",
    "stability-flags": {},
    "prefer-stable": false,
    "prefer-lowest": false,
    "platform": {
        "php": "^8.2",
        "ext-pdo_mysql": "*"
    },
    "platform-dev": {},
    "plugin-api-version": "2.9.0"
}
